
Microsoft Visual Studio Solution File, Format Version 12.00
# Visual Studio Version 16
VisualStudioVersion = 16.0.31702.278
MinimumVisualStudioVersion = 10.0.40219.1
Project("{FAE04EC0-301F-11D3-BF4B-00C04F79EFBC}") = "Xadrez-Console", "Xadrez-Console\Xadrez-Console.csproj", "{3E018847-C9FA-4042-BCC8-8411A4C170AE}"
EndProject
Global
	GlobalSection(SolutionConfigurationPlatforms) = preSolution
		Debug|Any CPU = Debug|Any CPU
		Release|Any CPU = Release|Any CPU
	EndGlobalSection
	GlobalSection(ProjectConfigurationPlatforms) = postSolution
		{3E018847-C9FA-4042-BCC8-8411A4C170AE}.Debug|Any CPU.ActiveCfg = Debug|Any CPU
		{3E018847-C9FA-4042-BCC8-8411A4C170AE}.Debug|Any CPU.Build.0 = Debug|Any CPU
		{3E018847-C9FA-4042-BCC8-8411A4C170AE}.Release|Any CPU.ActiveCfg = Release|Any CPU
		{3E018847-C9FA-4042-BCC8-8411A4C170AE}.Release|Any CPU.Build.0 = Release|Any CPU
	EndGlobalSection
	GlobalSection(SolutionProperties) = preSolution
		HideSolutionNode = FALSE
	EndGlobalSection
	GlobalSection(ExtensibilityGlobals) = postSolution
		SolutionGuid = {1364810B-3407-4FDF-9B65-40A256C25197}
	EndGlobalSection
EndGlobal
